// !$*UTF8*$!
{
	archiveVersion = 1;
	classes = {
	};
	objectVersion = 46;
	objects = {

/* Begin PBXBuildFile section */
		1F7C55861CC8E38D00FCA4CA /* main.m in Sources */ = {isa = PBXBuildFile; fileRef = 1F7C55851CC8E38D00FCA4CA /* main.m */; };
		1F7C55891CC8E38D00FCA4CA /* AppDelegate.m in Sources */ = {isa = PBXBuildFile; fileRef = 1F7C55881CC8E38D00FCA4CA /* AppDelegate.m */; };
		1F7C558F1CC8E38D00FCA4CA /* Main.storyboard in Resources */ = {isa = PBXBuildFile; fileRef = 1F7C558D1CC8E38D00FCA4CA /* Main.storyboard */; };
		1F7C55911CC8E38D00FCA4CA /* Assets.xcassets in Resources */ = {isa = PBXBuildFile; fileRef = 1F7C55901CC8E38D00FCA4CA /* Assets.xcassets */; };
		1F7C55941CC8E38D00FCA4CA /* LaunchScreen.storyboard in Resources */ = {isa = PBXBuildFile; fileRef = 1F7C55921CC8E38D00FCA4CA /* LaunchScreen.storyboard */; };
		1F7C559D1CC8E3A900FCA4CA /* AZPeople.m in Sources */ = {isa = PBXBuildFile; fileRef = 1F7C559C1CC8E3A900FCA4CA /* AZPeople.m */; };
		1F7C55A11CC8E8CF00FCA4CA /* AZViewController.m in Sources */ = {isa = PBXBuildFile; fileRef = 1F7C55A01CC8E8CF00FCA4CA /* AZViewController.m */; };
		1F7C55A41CC8F14200FCA4CA /* AZGroup.m in Sources */ = {isa = PBXBuildFile; fileRef = 1F7C55A31CC8F14200FCA4CA /* AZGroup.m */; };
/* End PBXBuildFile section */

/* Begin PBXFileReference section */
		1F7C55811CC8E38D00FCA4CA /* EditingDynamicTables.app */ = {isa = PBXFileReference; explicitFileType = wrapper.application; includeInIndex = 0; path = EditingDynamicTables.app; sourceTree = BUILT_PRODUCTS_DIR; };
		1F7C55851CC8E38D00FCA4CA /* main.m */ = {isa = PBXFileReference; lastKnownFileType = sourcecode.c.objc; path = main.m; sourceTree = "<group>"; };
		1F7C55871CC8E38D00FCA4CA /* AppDelegate.h */ = {isa = PBXFileReference; lastKnownFileType = sourcecode.c.h; path = AppDelegate.h; sourceTree = "<group>"; };
		1F7C55881CC8E38D00FCA4CA /* AppDelegate.m */ = {isa = PBXFileReference; lastKnownFileType = sourcecode.c.objc; path = AppDelegate.m; sourceTree = "<group>"; };
		1F7C558E1CC8E38D00FCA4CA /* Base */ = {isa = PBXFileReference; lastKnownFileType = file.storyboard; name = Base; path = Base.lproj/Main.storyboard; sourceTree = "<group>"; };
		1F7C55901CC8E38D00FCA4CA /* Assets.xcassets */ = {isa = PBXFileReference; lastKnownFileType = folder.assetcatalog; path = Assets.xcassets; sourceTree = "<group>"; };
		1F7C55931CC8E38D00FCA4CA /* Base */ = {isa = PBXFileReference; lastKnownFileType = file.storyboard; name = Base; path = Base.lproj/LaunchScreen.storyboard; sourceTree = "<group>"; };
		1F7C55951CC8E38D00FCA4CA /* Info.plist */ = {isa = PBXFileReference; lastKnownFileType = text.plist.xml; path = Info.plist; sourceTree = "<group>"; };
		1F7C559B1CC8E3A900FCA4CA /* AZPeople.h */ = {isa = PBXFileReference; fileEncoding = 4; lastKnownFileType = sourcecode.c.h; path = AZPeople.h; sourceTree = "<group>"; };
		1F7C559C1CC8E3A900FCA4CA /* AZPeople.m */ = {isa = PBXFileReference; fileEncoding = 4; lastKnownFileType = sourcecode.c.objc; path = AZPeople.m; sourceTree = "<group>"; };
		1F7C559F1CC8E8CF00FCA4CA /* AZViewController.h */ = {isa = PBXFileReference; fileEncoding = 4; lastKnownFileType = sourcecode.c.h; path = AZViewController.h; sourceTree = "<group>"; };
		1F7C55A01CC8E8CF00FCA4CA /* AZViewController.m */ = {isa = PBXFileReference; fileEncoding = 4; lastKnownFileType = sourcecode.c.objc; path = AZViewController.m; sourceTree = "<group>"; };
		1F7C55A21CC8F14200FCA4CA /* AZGroup.h */ = {isa = PBXFileReference; fileEncoding = 4; lastKnownFileType = sourcecode.c.h; path = AZGroup.h; sourceTree = "<group>"; };
		1F7C55A31CC8F14200FCA4CA /* AZGroup.m */ = {isa = PBXFileReference; fileEncoding = 4; lastKnownFileType = sourcecode.c.objc; path = AZGroup.m; sourceTree = "<group>"; };
/* End PBXFileReference section */

/* Begin PBXFrameworksBuildPhase section */
		1F7C557E1CC8E38D00FCA4CA /* Frameworks */ = {
			isa = PBXFrameworksBuildPhase;
			buildActionMask = 2147483647;
			files = (
			);
			runOnlyForDeploymentPostprocessing = 0;
		};
/* End PBXFrameworksBuildPhase section */

/* Begin PBXGroup section */
		1F7C55781CC8E38D00FCA4CA = {
			isa = PBXGroup;
			children = (
				1F7C55831CC8E38D00FCA4CA /* EditingDynamicTables */,
				1F7C55821CC8E38D00FCA4CA /* Products */,
			);
			sourceTree = "<group>";
		};
		1F7C55821CC8E38D00FCA4CA /* Products */ = {
			isa = PBXGroup;
			children = (
				1F7C55811CC8E38D00FCA4CA /* EditingDynamicTables.app */,
			);
			name = Products;
			sourceTree = "<group>";
		};
		1F7C55831CC8E38D00FCA4CA /* EditingDynamicTables */ = {
			isa = PBXGroup;
			children = (
				1F7C559E1CC8E3B000FCA4CA /* Models */,
				1F7C55871CC8E38D00FCA4CA /* AppDelegate.h */,
				1F7C55881CC8E38D00FCA4CA /* AppDelegate.m */,
				1F7C559F1CC8E8CF00FCA4CA /* AZViewController.h */,
				1F7C55A01CC8E8CF00FCA4CA /* AZViewController.m */,
				1F7C558D1CC8E38D00FCA4CA /* Main.storyboard */,
				1F7C55901CC8E38D00FCA4CA /* Assets.xcassets */,
				1F7C55921CC8E38D00FCA4CA /* LaunchScreen.storyboard */,
				1F7C55951CC8E38D00FCA4CA /* Info.plist */,
				1F7C55841CC8E38D00FCA4CA /* Supporting Files */,
			);
			path = EditingDynamicTables;
			sourceTree = "<group>";
		};
		1F7C55841CC8E38D00FCA4CA /* Supporting Files */ = {
			isa = PBXGroup;
			children = (
				1F7C55851CC8E38D00FCA4CA /* main.m */,
			);
			name = "Supporting Files";
			sourceTree = "<group>";
		};
		1F7C559E1CC8E3B000FCA4CA /* Models */ = {
			isa = PBXGroup;
			children = (
				1F7C559B1CC8E3A900FCA4CA /* AZPeople.h */,
				1F7C559C1CC8E3A900FCA4CA /* AZPeople.m */,
				1F7C55A21CC8F14200FCA4CA /* AZGroup.h */,
				1F7C55A31CC8F14200FCA4CA /* AZGroup.m */,
			);
			name = Models;
			sourceTree = "<group>";
		};
/* End PBXGroup section */

/* Begin PBXNativeTarget section */
		1F7C55801CC8E38D00FCA4CA /* EditingDynamicTables */ = {
			isa = PBXNativeTarget;
			buildConfigurationList = 1F7C55981CC8E38D00FCA4CA /* Build configuration list for PBXNativeTarget "EditingDynamicTables" */;
			buildPhases = (
				1F7C557D1CC8E38D00FCA4CA /* Sources */,
				1F7C557E1CC8E38D00FCA4CA /* Frameworks */,
				1F7C557F1CC8E38D00FCA4CA /* Resources */,
			);
			buildRules = (
			);
			dependencies = (
			);
			name = EditingDynamicTables;
			productName = EditingDynamicTables;
			productReference = 1F7C55811CC8E38D00FCA4CA /* EditingDynamicTables.app */;
			productType = "com.apple.product-type.application";
		};
/* End PBXNativeTarget section */

/* Begin PBXProject section */
		1F7C55791CC8E38D00FCA4CA /* Project object */ = {
			isa = PBXProject;
			attributes = {
				LastUpgradeCheck = 0730;
				ORGANIZATIONNAME = "Anatolii Zavialov";
				TargetAttributes = {
					1F7C55801CC8E38D00FCA4CA = {
						CreatedOnToolsVersion = 7.3;
					};
				};
			};
			buildConfigurationList = 1F7C557C1CC8E38D00FCA4CA /* Build configuration list for PBXProject "EditingDynamicTables" */;
			compatibilityVersion = "Xcode 3.2";
			developmentRegion = English;
			hasScannedForEncodings = 0;
			knownRegions = (
				en,
				Base,
			);
			mainGroup = 1F7C55781CC8E38D00FCA4CA;
			productRefGroup = 1F7C55821CC8E38D00FCA4CA /* Products */;
			projectDirPath = "";
			projectRoot = "";
			targets = (
				1F7C55801CC8E38D00FCA4CA /* EditingDynamicTables */,
			);
		};
/* End PBXProject section */

/* Begin PBXResourcesBuildPhase section */
		1F7C557F1CC8E38D00FCA4CA /* Resources */ = {
			isa = PBXResourcesBuildPhase;
			buildActionMask = 2147483647;
			files = (
				1F7C55941CC8E38D00FCA4CA /* LaunchScreen.storyboard in Resources */,
				1F7C55911CC8E38D00FCA4CA /* Assets.xcassets in Resources */,
				1F7C558F1CC8E38D00FCA4CA /* Main.storyboard in Resources */,
			);
			runOnlyForDeploymentPostprocessing = 0;
		};
/* End PBXResourcesBuildPhase section */

/* Begin PBXSourcesBuildPhase section */
		1F7C557D1CC8E38D00FCA4CA /* Sources */ = {
			isa = PBXSourcesBuildPhase;
			buildActionMask = 2147483647;
			files = (
				1F7C55A41CC8F14200FCA4CA /* AZGroup.m in Sources */,
				1F7C559D1CC8E3A900FCA4CA /* AZPeople.m in Sources */,
				1F7C55891CC8E38D00FCA4CA /* AppDelegate.m in Sources */,
				1F7C55861CC8E38D00FCA4CA /* main.m in Sources */,
				1F7C55A11CC8E8CF00FCA4CA /* AZViewController.m in Sources */,
			);
			runOnlyForDeploymentPostprocessing = 0;
		};
/* End PBXSourcesBuildPhase section */

/* Begin PBXVariantGroup section */
		1F7C558D1CC8E38D00FCA4CA /* Main.storyboard */ = {
			isa = PBXVariantGroup;
			children = (
				1F7C558E1CC8E38D00FCA4CA /* Base */,
			);
			name = Main.storyboard;
			sourceTree = "<group>";
		};
		1F7C55921CC8E38D00FCA4CA /* LaunchScreen.storyboard */ = {
			isa = PBXVariantGroup;
			children = (
				1F7C55931CC8E38D00FCA4CA /* Base */,
			);
			name = LaunchScreen.storyboard;
			sourceTree = "<group>";
		};
/* End PBXVariantGroup section */

/* Begin XCBuildConfiguration section */
		1F7C55961CC8E38D00FCA4CA /* Debug */ = {
			isa = XCBuildConfiguration;
			buildSettings = {
				ALWAYS_SEARCH_USER_PATHS = NO;
				CLANG_ANALYZER_NONNULL = YES;
				CLANG_CXX_LANGUAGE_STANDARD = "gnu++0x";
				CLANG_CXX_LIBRARY = "libc++";
				CLANG_ENABLE_MODULES = YES;
				CLANG_ENABLE_OBJC_ARC = YES;
				CLANG_WARN_BOOL_CONVERSION = YES;
				CLANG_WARN_CONSTANT_CONVERSION = YES;
				CLANG_WARN_DIRECT_OBJC_ISA_USAGE = YES_ERROR;
				CLANG_WARN_EMPTY_BODY = YES;
				CLANG_WARN_ENUM_CONVERSION = YES;
				CLANG_WARN_INT_CONVERSION = YES;
				CLANG_WARN_OBJC_ROOT_CLASS = YES_ERROR;
				CLANG_WARN_UNREACHABLE_CODE = YES;
				CLANG_WARN__DUPLICATE_METHOD_MATCH = YES;
				"CODE_SIGN_IDENTITY[sdk=iphoneos*]" = "iPhone Developer";
				COPY_PHASE_STRIP = NO;
				DEBUG_INFORMATION_FORMAT = dwarf;
				ENABLE_STRICT_OBJC_MSGSEND = YES;
				ENABLE_TESTABILITY = YES;
				GCC_C_LANGUAGE_STANDARD = gnu99;
				GCC_DYNAMIC_NO_PIC = NO;
				GCC_NO_COMMON_BLOCKS = YES;
				GCC_OPTIMIZATION_LEVEL = 0;
				GCC_PREPROCESSOR_DEFINITIONS = (
					"DEBUG=1",
					"$(inherited)",
				);
				GCC_WARN_64_TO_32_BIT_CONVERSION = YES;
				GCC_WARN_ABOUT_RETURN_TYPE = YES_ERROR;
				GCC_WARN_UNDECLARED_SELECTOR = YES;
				GCC_WARN_UNINITIALIZED_AUTOS = YES_AGGRESSIVE;
				GCC_WARN_UNUSED_FUNCTION = YES;
				GCC_WARN_UNUSED_VARIABLE = YES;
				IPHONEOS_DEPLOYMENT_TARGET = 9.3;
				MTL_ENABLE_DEBUG_INFO = YES;
				ONLY_ACTIVE_ARCH = YES;
				SDKROOT = iphoneos;
			};
			name = Debug;
		};
		1F7C55971CC8E38D00FCA4CA /* Release */ = {
			isa = XCBuildConfiguration;
			buildSettings = {
				ALWAYS_SEARCH_USER_PATHS = NO;
				CLANG_ANALYZER_NONNULL = YES;
				CLANG_CXX_LANGUAGE_STANDARD = "gnu++0x";
				CLANG_CXX_LIBRARY = "libc++";
				CLANG_ENABLE_MODULES = YES;
				CLANG_ENABLE_OBJC_ARC = YES;
				CLANG_WARN_BOOL_CONVERSION = YES;
				CLANG_WARN_CONSTANT_CONVERSION = YES;
				CLANG_WARN_DIRECT_OBJC_ISA_USAGE = YES_ERROR;
				CLANG_WARN_EMPTY_BODY = YES;
				CLANG_WARN_ENUM_CONVERSION = YES;
				CLANG_WARN_INT_CONVERSION = YES;
				CLANG_WARN_OBJC_ROOT_CLASS = YES_ERROR;
				CLANG_WARN_UNREACHABLE_CODE = YES;
				CLANG_WARN__DUPLICATE_METHOD_MATCH = YES;
				"CODE_SIGN_IDENTITY[sdk=iphoneos*]" = "iPhone Developer";
				COPY_PHASE_STRIP = NO;
				DEBUG_INFORMATION_FORMAT = "dwarf-with-dsym";
				ENABLE_NS_ASSERTIONS = NO;
				ENABLE_STRICT_OBJC_MSGSEND = YES;
				GCC_C_LANGUAGE_STANDARD = gnu99;
				GCC_NO_COMMON_BLOCKS = YES;
				GCC_WARN_64_TO_32_BIT_CONVERSION = YES;
				GCC_WARN_ABOUT_RETURN_TYPE = YES_ERROR;
				GCC_WARN_UNDECLARED_SELECTOR = YES;
				GCC_WARN_UNINITIALIZED_AUTOS = YES_AGGRESSIVE;
				GCC_WARN_UNUSED_FUNCTION = YES;
				GCC_WARN_UNUSED_VARIABLE = YES;
				IPHONEOS_DEPLOYMENT_TARGET = 9.3;
				MTL_ENABLE_DEBUG_INFO = NO;
				SDKROOT = iphoneos;
				VALIDATE_PRODUCT = YES;
			};
			name = Release;
		};
		1F7C55991CC8E38D00FCA4CA /* Debug */ = {
			isa = XCBuildConfiguration;
			buildSettings = {
				ASSETCATALOG_COMPILER_APPICON_NAME = AppIcon;
				INFOPLIST_FILE = EditingDynamicTables/Info.plist;
				LD_RUNPATH_SEARCH_PATHS = "$(inherited) @executable_path/Frameworks";
				PRODUCT_BUNDLE_IDENTIFIER = com.anatolizavialov.EditingDynamicTables;
				PRODUCT_NAME = "$(TARGET_NAME)";
			};
			name = Debug;
		};
		1F7C559A1CC8E38D00FCA4CA /* Release */ = {
			isa = XCBuildConfiguration;
			buildSettings = {
				ASSETCATALOG_COMPILER_APPICON_NAME = AppIcon;
				INFOPLIST_FILE = EditingDynamicTables/Info.plist;
				LD_RUNPATH_SEARCH_PATHS = "$(inherited) @executable_path/Frameworks";
				PRODUCT_BUNDLE_IDENTIFIER = com.anatolizavialov.EditingDynamicTables;
				PRODUCT_NAME = "$(TARGET_NAME)";
			};
			name = Release;
		};
/* End XCBuildConfiguration section */

/* Begin XCConfigurationList section */
		1F7C557C1CC8E38D00FCA4CA /* Build configuration list for PBXProject "EditingDynamicTables" */ = {
			isa = XCConfigurationList;
			buildConfigurations = (
				1F7C55961CC8E38D00FCA4CA /* Debug */,
				1F7C55971CC8E38D00FCA4CA /* Release */,
			);
			defaultConfigurationIsVisible = 0;
			defaultConfigurationName = Release;
		};
		1F7C55981CC8E38D00FCA4CA /* Build configuration list for PBXNativeTarget "EditingDynamicTables" */ = {
			isa = XCConfigurationList;
			buildConfigurations = (
				1F7C55991CC8E38D00FCA4CA /* Debug */,
				1F7C559A1CC8E38D00FCA4CA /* Release */,
			);
			defaultConfigurationIsVisible = 0;
		};
/* End XCConfigurationList section */
	};
	rootObject = 1F7C55791CC8E38D00FCA4CA /* Project object */;
}
